// !$*UTF8*$!
{
	archiveVersion = 1;
	classes = {
	};
	objectVersion = 50;
	objects = {

/* Begin PBXBuildFile section */
		B5A0DDF621DCAD7700A60B8A /* AppDelegate.m in Sources */ = {isa = PBXBuildFile; fileRef = B5A0DDF521DCAD7700A60B8A /* AppDelegate.m */; };
		B5A0DDFE21DCAD7900A60B8A /* Assets.xcassets in Resources */ = {isa = PBXBuildFile; fileRef = B5A0DDFD21DCAD7900A60B8A /* Assets.xcassets */; };
		B5A0DE0121DCAD7900A60B8A /* LaunchScreen.storyboard in Resources */ = {isa = PBXBuildFile; fileRef = B5A0DDFF21DCAD7900A60B8A /* LaunchScreen.storyboard */; };
		B5A0DE0421DCAD7900A60B8A /* main.m in Sources */ = {isa = PBXBuildFile; fileRef = B5A0DE0321DCAD7900A60B8A /* main.m */; };
		B5A0DE0E21DCAD7900A60B8A /* DemoCollectionTests.m in Sources */ = {isa = PBXBuildFile; fileRef = B5A0DE0D21DCAD7900A60B8A /* DemoCollectionTests.m */; };
		B5A0DE1921DCAD7900A60B8A /* DemoCollectionUITests.m in Sources */ = {isa = PBXBuildFile; fileRef = B5A0DE1821DCAD7900A60B8A /* DemoCollectionUITests.m */; };
		B5A0DE2821DCAEAF00A60B8A /* NRootViewController.m in Sources */ = {isa = PBXBuildFile; fileRef = B5A0DE2721DCAEAF00A60B8A /* NRootViewController.m */; };
		B5A0DE2B21DCAF1900A60B8A /* NNavigationController.m in Sources */ = {isa = PBXBuildFile; fileRef = B5A0DE2A21DCAF1900A60B8A /* NNavigationController.m */; };
/* End PBXBuildFile section */

/* Begin PBXContainerItemProxy section */
		B5A0DE0A21DCAD7900A60B8A /* PBXContainerItemProxy */ = {
			isa = PBXContainerItemProxy;
			containerPortal = B5A0DDE921DCAD7700A60B8A /* Project object */;
			proxyType = 1;
			remoteGlobalIDString = B5A0DDF021DCAD7700A60B8A;
			remoteInfo = DemoCollection;
		};
		B5A0DE1521DCAD7900A60B8A /* PBXContainerItemProxy */ = {
			isa = PBXContainerItemProxy;
			containerPortal = B5A0DDE921DCAD7700A60B8A /* Project object */;
			proxyType = 1;
			remoteGlobalIDString = B5A0DDF021DCAD7700A60B8A;
			remoteInfo = DemoCollection;
		};
/* End PBXContainerItemProxy section */

/* Begin PBXFileReference section */
		B5A0DDF121DCAD7700A60B8A /* DemoCollection.app */ = {isa = PBXFileReference; explicitFileType = wrapper.application; includeInIndex = 0; path = DemoCollection.app; sourceTree = BUILT_PRODUCTS_DIR; };
		B5A0DDF421DCAD7700A60B8A /* AppDelegate.h */ = {isa = PBXFileReference; lastKnownFileType = sourcecode.c.h; path = AppDelegate.h; sourceTree = "<group>"; };
		B5A0DDF521DCAD7700A60B8A /* AppDelegate.m */ = {isa = PBXFileReference; lastKnownFileType = sourcecode.c.objc; path = AppDelegate.m; sourceTree = "<group>"; };
		B5A0DDFD21DCAD7900A60B8A /* Assets.xcassets */ = {isa = PBXFileReference; lastKnownFileType = folder.assetcatalog; path = Assets.xcassets; sourceTree = "<group>"; };
		B5A0DE0021DCAD7900A60B8A /* Base */ = {isa = PBXFileReference; lastKnownFileType = file.storyboard; name = Base; path = Base.lproj/LaunchScreen.storyboard; sourceTree = "<group>"; };
		B5A0DE0221DCAD7900A60B8A /* Info.plist */ = {isa = PBXFileReference; lastKnownFileType = text.plist.xml; path = Info.plist; sourceTree = "<group>"; };
		B5A0DE0321DCAD7900A60B8A /* main.m */ = {isa = PBXFileReference; lastKnownFileType = sourcecode.c.objc; path = main.m; sourceTree = "<group>"; };
		B5A0DE0921DCAD7900A60B8A /* DemoCollectionTests.xctest */ = {isa = PBXFileReference; explicitFileType = wrapper.cfbundle; includeInIndex = 0; path = DemoCollectionTests.xctest; sourceTree = BUILT_PRODUCTS_DIR; };
		B5A0DE0D21DCAD7900A60B8A /* DemoCollectionTests.m */ = {isa = PBXFileReference; lastKnownFileType = sourcecode.c.objc; path = DemoCollectionTests.m; sourceTree = "<group>"; };
		B5A0DE0F21DCAD7900A60B8A /* Info.plist */ = {isa = PBXFileReference; lastKnownFileType = text.plist.xml; path = Info.plist; sourceTree = "<group>"; };
		B5A0DE1421DCAD7900A60B8A /* DemoCollectionUITests.xctest */ = {isa = PBXFileReference; explicitFileType = wrapper.cfbundle; includeInIndex = 0; path = DemoCollectionUITests.xctest; sourceTree = BUILT_PRODUCTS_DIR; };
		B5A0DE1821DCAD7900A60B8A /* DemoCollectionUITests.m */ = {isa = PBXFileReference; lastKnownFileType = sourcecode.c.objc; path = DemoCollectionUITests.m; sourceTree = "<group>"; };
		B5A0DE1A21DCAD7900A60B8A /* Info.plist */ = {isa = PBXFileReference; lastKnownFileType = text.plist.xml; path = Info.plist; sourceTree = "<group>"; };
		B5A0DE2621DCAEAF00A60B8A /* NRootViewController.h */ = {isa = PBXFileReference; lastKnownFileType = sourcecode.c.h; path = NRootViewController.h; sourceTree = "<group>"; };
		B5A0DE2721DCAEAF00A60B8A /* NRootViewController.m */ = {isa = PBXFileReference; lastKnownFileType = sourcecode.c.objc; path = NRootViewController.m; sourceTree = "<group>"; };
		B5A0DE2921DCAF1900A60B8A /* NNavigationController.h */ = {isa = PBXFileReference; lastKnownFileType = sourcecode.c.h; path = NNavigationController.h; sourceTree = "<group>"; };
		B5A0DE2A21DCAF1900A60B8A /* NNavigationController.m */ = {isa = PBXFileReference; lastKnownFileType = sourcecode.c.objc; path = NNavigationController.m; sourceTree = "<group>"; };
/* End PBXFileReference section */

/* Begin PBXFrameworksBuildPhase section */
		B5A0DDEE21DCAD7700A60B8A /* Frameworks */ = {
			isa = PBXFrameworksBuildPhase;
			buildActionMask = 2147483647;
			files = (
			);
			runOnlyForDeploymentPostprocessing = 0;
		};
		B5A0DE0621DCAD7900A60B8A /* Frameworks */ = {
			isa = PBXFrameworksBuildPhase;
			buildActionMask = 2147483647;
			files = (
			);
			runOnlyForDeploymentPostprocessing = 0;
		};
		B5A0DE1121DCAD7900A60B8A /* Frameworks */ = {
			isa = PBXFrameworksBuildPhase;
			buildActionMask = 2147483647;
			files = (
			);
			runOnlyForDeploymentPostprocessing = 0;
		};
/* End PBXFrameworksBuildPhase section */

/* Begin PBXGroup section */
		B5A0DDE821DCAD7700A60B8A = {
			isa = PBXGroup;
			children = (
				B5A0DDF321DCAD7700A60B8A /* DemoCollection */,
				B5A0DE0C21DCAD7900A60B8A /* DemoCollectionTests */,
				B5A0DE1721DCAD7900A60B8A /* DemoCollectionUITests */,
				B5A0DDF221DCAD7700A60B8A /* Products */,
			);
			sourceTree = "<group>";
		};
		B5A0DDF221DCAD7700A60B8A /* Products */ = {
			isa = PBXGroup;
			children = (
				B5A0DDF121DCAD7700A60B8A /* DemoCollection.app */,
				B5A0DE0921DCAD7900A60B8A /* DemoCollectionTests.xctest */,
				B5A0DE1421DCAD7900A60B8A /* DemoCollectionUITests.xctest */,
			);
			name = Products;
			sourceTree = "<group>";
		};
		B5A0DDF321DCAD7700A60B8A /* DemoCollection */ = {
			isa = PBXGroup;
			children = (
				B5A0DDF421DCAD7700A60B8A /* AppDelegate.h */,
				B5A0DDF521DCAD7700A60B8A /* AppDelegate.m */,
				B5A0DE2621DCAEAF00A60B8A /* NRootViewController.h */,
				B5A0DE2721DCAEAF00A60B8A /* NRootViewController.m */,
				B5A0DE2921DCAF1900A60B8A /* NNavigationController.h */,
				B5A0DE2A21DCAF1900A60B8A /* NNavigationController.m */,
				B5A0DDFD21DCAD7900A60B8A /* Assets.xcassets */,
				B5A0DDFF21DCAD7900A60B8A /* LaunchScreen.storyboard */,
				B5A0DE0221DCAD7900A60B8A /* Info.plist */,
				B5A0DE0321DCAD7900A60B8A /* main.m */,
			);
			path = DemoCollection;
			sourceTree = "<group>";
		};
		B5A0DE0C21DCAD7900A60B8A /* DemoCollectionTests */ = {
			isa = PBXGroup;
			children = (
				B5A0DE0D21DCAD7900A60B8A /* DemoCollectionTests.m */,
				B5A0DE0F21DCAD7900A60B8A /* Info.plist */,
			);
			path = DemoCollectionTests;
			sourceTree = "<group>";
		};
		B5A0DE1721DCAD7900A60B8A /* DemoCollectionUITests */ = {
			isa = PBXGroup;
			children = (
				B5A0DE1821DCAD7900A60B8A /* DemoCollectionUITests.m */,
				B5A0DE1A21DCAD7900A60B8A /* Info.plist */,
			);
			path = DemoCollectionUITests;
			sourceTree = "<group>";
		};
/* End PBXGroup section */

/* Begin PBXNativeTarget section */
		B5A0DDF021DCAD7700A60B8A /* DemoCollection */ = {
			isa = PBXNativeTarget;
			buildConfigurationList = B5A0DE1D21DCAD7900A60B8A /* Build configuration list for PBXNativeTarget "DemoCollection" */;
			buildPhases = (
				B5A0DDED21DCAD7700A60B8A /* Sources */,
				B5A0DDEE21DCAD7700A60B8A /* Frameworks */,
				B5A0DDEF21DCAD7700A60B8A /* Resources */,
			);
			buildRules = (
			);
			dependencies = (
			);
			name = DemoCollection;
			productName = DemoCollection;
			productReference = B5A0DDF121DCAD7700A60B8A /* DemoCollection.app */;
			productType = "com.apple.product-type.application";
		};
		B5A0DE0821DCAD7900A60B8A /* DemoCollectionTests */ = {
			isa = PBXNativeTarget;
			buildConfigurationList = B5A0DE2021DCAD7900A60B8A /* Build configuration list for PBXNativeTarget "DemoCollectionTests" */;
			buildPhases = (
				B5A0DE0521DCAD7900A60B8A /* Sources */,
				B5A0DE0621DCAD7900A60B8A /* Frameworks */,
				B5A0DE0721DCAD7900A60B8A /* Resources */,
			);
			buildRules = (
			);
			dependencies = (
				B5A0DE0B21DCAD7900A60B8A /* PBXTargetDependency */,
			);
			name = DemoCollectionTests;
			productName = DemoCollectionTests;
			productReference = B5A0DE0921DCAD7900A60B8A /* DemoCollectionTests.xctest */;
			productType = "com.apple.product-type.bundle.unit-test";
		};
		B5A0DE1321DCAD7900A60B8A /* DemoCollectionUITests */ = {
			isa = PBXNativeTarget;
			buildConfigurationList = B5A0DE2321DCAD7900A60B8A /* Build configuration list for PBXNativeTarget "DemoCollectionUITests" */;
			buildPhases = (
				B5A0DE1021DCAD7900A60B8A /* Sources */,
				B5A0DE1121DCAD7900A60B8A /* Frameworks */,
				B5A0DE1221DCAD7900A60B8A /* Resources */,
			);
			buildRules = (
			);
			dependencies = (
				B5A0DE1621DCAD7900A60B8A /* PBXTargetDependency */,
			);
			name = DemoCollectionUITests;
			productName = DemoCollectionUITests;
			productReference = B5A0DE1421DCAD7900A60B8A /* DemoCollectionUITests.xctest */;
			productType = "com.apple.product-type.bundle.ui-testing";
		};
/* End PBXNativeTarget section */

/* Begin PBXProject section */
		B5A0DDE921DCAD7700A60B8A /* Project object */ = {
			isa = PBXProject;
			attributes = {
				LastUpgradeCheck = 1010;
				ORGANIZATIONNAME = Neo;
				TargetAttributes = {
					B5A0DDF021DCAD7700A60B8A = {
						CreatedOnToolsVersion = 10.1;
					};
					B5A0DE0821DCAD7900A60B8A = {
						CreatedOnToolsVersion = 10.1;
						TestTargetID = B5A0DDF021DCAD7700A60B8A;
					};
					B5A0DE1321DCAD7900A60B8A = {
						CreatedOnToolsVersion = 10.1;
						TestTargetID = B5A0DDF021DCAD7700A60B8A;
					};
				};
			};
			buildConfigurationList = B5A0DDEC21DCAD7700A60B8A /* Build configuration list for PBXProject "DemoCollection" */;
			compatibilityVersion = "Xcode 9.3";
			developmentRegion = en;
			hasScannedForEncodings = 0;
			knownRegions = (
				en,
				Base,
			);
			mainGroup = B5A0DDE821DCAD7700A60B8A;
			productRefGroup = B5A0DDF221DCAD7700A60B8A /* Products */;
			projectDirPath = "";
			projectRoot = "";
			targets = (
				B5A0DDF021DCAD7700A60B8A /* DemoCollection */,
				B5A0DE0821DCAD7900A60B8A /* DemoCollectionTests */,
				B5A0DE1321DCAD7900A60B8A /* DemoCollectionUITests */,
			);
		};
/* End PBXProject section */

/* Begin PBXResourcesBuildPhase section */
		B5A0DDEF21DCAD7700A60B8A /* Resources */ = {
			isa = PBXResourcesBuildPhase;
			buildActionMask = 2147483647;
			files = (
				B5A0DE0121DCAD7900A60B8A /* LaunchScreen.storyboard in Resources */,
				B5A0DDFE21DCAD7900A60B8A /* Assets.xcassets in Resources */,
			);
			runOnlyForDeploymentPostprocessing = 0;
		};
		B5A0DE0721DCAD7900A60B8A /* Resources */ = {
			isa = PBXResourcesBuildPhase;
			buildActionMask = 2147483647;
			files = (
			);
			runOnlyForDeploymentPostprocessing = 0;
		};
		B5A0DE1221DCAD7900A60B8A /* Resources */ = {
			isa = PBXResourcesBuildPhase;
			buildActionMask = 2147483647;
			files = (
			);
			runOnlyForDeploymentPostprocessing = 0;
		};
/* End PBXResourcesBuildPhase section */

/* Begin PBXSourcesBuildPhase section */
		B5A0DDED21DCAD7700A60B8A /* Sources */ = {
			isa = PBXSourcesBuildPhase;
			buildActionMask = 2147483647;
			files = (
				B5A0DE2B21DCAF1900A60B8A /* NNavigationController.m in Sources */,
				B5A0DE2821DCAEAF00A60B8A /* NRootViewController.m in Sources */,
				B5A0DE0421DCAD7900A60B8A /* main.m in Sources */,
				B5A0DDF621DCAD7700A60B8A /* AppDelegate.m in Sources */,
			);
			runOnlyForDeploymentPostprocessing = 0;
		};
		B5A0DE0521DCAD7900A60B8A /* Sources */ = {
			isa = PBXSourcesBuildPhase;
			buildActionMask = 2147483647;
			files = (
				B5A0DE0E21DCAD7900A60B8A /* DemoCollectionTests.m in Sources */,
			);
			runOnlyForDeploymentPostprocessing = 0;
		};
		B5A0DE1021DCAD7900A60B8A /* Sources */ = {
			isa = PBXSourcesBuildPhase;
			buildActionMask = 2147483647;
			files = (
				B5A0DE1921DCAD7900A60B8A /* DemoCollectionUITests.m in Sources */,
			);
			runOnlyForDeploymentPostprocessing = 0;
		};
/* End PBXSourcesBuildPhase section */

/* Begin PBXTargetDependency section */
		B5A0DE0B21DCAD7900A60B8A /* PBXTargetDependency */ = {
			isa = PBXTargetDependency;
			target = B5A0DDF021DCAD7700A60B8A /* DemoCollection */;
			targetProxy = B5A0DE0A21DCAD7900A60B8A /* PBXContainerItemProxy */;
		};
		B5A0DE1621DCAD7900A60B8A /* PBXTargetDependency */ = {
			isa = PBXTargetDependency;
			target = B5A0DDF021DCAD7700A60B8A /* DemoCollection */;
			targetProxy = B5A0DE1521DCAD7900A60B8A /* PBXContainerItemProxy */;
		};
/* End PBXTargetDependency section */

/* Begin PBXVariantGroup section */
		B5A0DDFF21DCAD7900A60B8A /* LaunchScreen.storyboard */ = {
			isa = PBXVariantGroup;
			children = (
				B5A0DE0021DCAD7900A60B8A /* Base */,
			);
			name = LaunchScreen.storyboard;
			sourceTree = "<group>";
		};
/* End PBXVariantGroup section */

/* Begin XCBuildConfiguration section */
		B5A0DE1B21DCAD7900A60B8A /* Debug */ = {
			isa = XCBuildConfiguration;
			buildSettings = {
				ALWAYS_SEARCH_USER_PATHS = NO;
				CLANG_ANALYZER_NONNULL = YES;
				CLANG_ANALYZER_NUMBER_OBJECT_CONVERSION = YES_AGGRESSIVE;
				CLANG_CXX_LANGUAGE_STANDARD = "gnu++14";
				CLANG_CXX_LIBRARY = "libc++";
				CLANG_ENABLE_MODULES = YES;
				CLANG_ENABLE_OBJC_ARC = YES;
				CLANG_ENABLE_OBJC_WEAK = YES;
				CLANG_WARN_BLOCK_CAPTURE_AUTORELEASING = YES;
				CLANG_WARN_BOOL_CONVERSION = YES;
				CLANG_WARN_COMMA = YES;
				CLANG_WARN_CONSTANT_CONVERSION = YES;
				CLANG_WARN_DEPRECATED_OBJC_IMPLEMENTATIONS = YES;
				CLANG_WARN_DIRECT_OBJC_ISA_USAGE = YES_ERROR;
				CLANG_WARN_DOCUMENTATION_COMMENTS = YES;
				CLANG_WARN_EMPTY_BODY = YES;
				CLANG_WARN_ENUM_CONVERSION = YES;
				CLANG_WARN_INFINITE_RECURSION = YES;
				CLANG_WARN_INT_CONVERSION = YES;
				CLANG_WARN_NON_LITERAL_NULL_CONVERSION = YES;
				CLANG_WARN_OBJC_IMPLICIT_RETAIN_SELF = YES;
				CLANG_WARN_OBJC_LITERAL_CONVERSION = YES;
				CLANG_WARN_OBJC_ROOT_CLASS = YES_ERROR;
				CLANG_WARN_RANGE_LOOP_ANALYSIS = YES;
				CLANG_WARN_STRICT_PROTOTYPES = YES;
				CLANG_WARN_SUSPICIOUS_MOVE = YES;
				CLANG_WARN_UNGUARDED_AVAILABILITY = YES_AGGRESSIVE;
				CLANG_WARN_UNREACHABLE_CODE = YES;
				CLANG_WARN__DUPLICATE_METHOD_MATCH = YES;
				CODE_SIGN_IDENTITY = "iPhone Developer";
				COPY_PHASE_STRIP = NO;
				DEBUG_INFORMATION_FORMAT = dwarf;
				ENABLE_STRICT_OBJC_MSGSEND = YES;
				ENABLE_TESTABILITY = YES;
				GCC_C_LANGUAGE_STANDARD = gnu11;
				GCC_DYNAMIC_NO_PIC = NO;
				GCC_NO_COMMON_BLOCKS = YES;
				GCC_OPTIMIZATION_LEVEL = 0;
				GCC_PREPROCESSOR_DEFINITIONS = (
					"DEBUG=1",
					"$(inherited)",
				);
				GCC_WARN_64_TO_32_BIT_CONVERSION = YES;
				GCC_WARN_ABOUT_RETURN_TYPE = YES_ERROR;
				GCC_WARN_UNDECLARED_SELECTOR = YES;
				GCC_WARN_UNINITIALIZED_AUTOS = YES_AGGRESSIVE;
				GCC_WARN_UNUSED_FUNCTION = YES;
				GCC_WARN_UNUSED_VARIABLE = YES;
				IPHONEOS_DEPLOYMENT_TARGET = 12.1;
				MTL_ENABLE_DEBUG_INFO = INCLUDE_SOURCE;
				MTL_FAST_MATH = YES;
				ONLY_ACTIVE_ARCH = YES;
				SDKROOT = iphoneos;
			};
			name = Debug;
		};
		B5A0DE1C21DCAD7900A60B8A /* Release */ = {
			isa = XCBuildConfiguration;
			buildSettings = {
				ALWAYS_SEARCH_USER_PATHS = NO;
				CLANG_ANALYZER_NONNULL = YES;
				CLANG_ANALYZER_NUMBER_OBJECT_CONVERSION = YES_AGGRESSIVE;
				CLANG_CXX_LANGUAGE_STANDARD = "gnu++14";
				CLANG_CXX_LIBRARY = "libc++";
				CLANG_ENABLE_MODULES = YES;
				CLANG_ENABLE_OBJC_ARC = YES;
				CLANG_ENABLE_OBJC_WEAK = YES;
				CLANG_WARN_BLOCK_CAPTURE_AUTORELEASING = YES;
				CLANG_WARN_BOOL_CONVERSION = YES;
				CLANG_WARN_COMMA = YES;
				CLANG_WARN_CONSTANT_CONVERSION = YES;
				CLANG_WARN_DEPRECATED_OBJC_IMPLEMENTATIONS = YES;
				CLANG_WARN_DIRECT_OBJC_ISA_USAGE = YES_ERROR;
				CLANG_WARN_DOCUMENTATION_COMMENTS = YES;
				CLANG_WARN_EMPTY_BODY = YES;
				CLANG_WARN_ENUM_CONVERSION = YES;
				CLANG_WARN_INFINITE_RECURSION = YES;
				CLANG_WARN_INT_CONVERSION = YES;
				CLANG_WARN_NON_LITERAL_NULL_CONVERSION = YES;
				CLANG_WARN_OBJC_IMPLICIT_RETAIN_SELF = YES;
				CLANG_WARN_OBJC_LITERAL_CONVERSION = YES;
				CLANG_WARN_OBJC_ROOT_CLASS = YES_ERROR;
				CLANG_WARN_RANGE_LOOP_ANALYSIS = YES;
				CLANG_WARN_STRICT_PROTOTYPES = YES;
				CLANG_WARN_SUSPICIOUS_MOVE = YES;
				CLANG_WARN_UNGUARDED_AVAILABILITY = YES_AGGRESSIVE;
				CLANG_WARN_UNREACHABLE_CODE = YES;
				CLANG_WARN__DUPLICATE_METHOD_MATCH = YES;
				CODE_SIGN_IDENTITY = "iPhone Developer";
				COPY_PHASE_STRIP = NO;
				DEBUG_INFORMATION_FORMAT = "dwarf-with-dsym";
				ENABLE_NS_ASSERTIONS = NO;
				ENABLE_STRICT_OBJC_MSGSEND = YES;
				GCC_C_LANGUAGE_STANDARD = gnu11;
				GCC_NO_COMMON_BLOCKS = YES;
				GCC_WARN_64_TO_32_BIT_CONVERSION = YES;
				GCC_WARN_ABOUT_RETURN_TYPE = YES_ERROR;
				GCC_WARN_UNDECLARED_SELECTOR = YES;
				GCC_WARN_UNINITIALIZED_AUTOS = YES_AGGRESSIVE;
				GCC_WARN_UNUSED_FUNCTION = YES;
				GCC_WARN_UNUSED_VARIABLE = YES;
				IPHONEOS_DEPLOYMENT_TARGET = 12.1;
				MTL_ENABLE_DEBUG_INFO = NO;
				MTL_FAST_MATH = YES;
				SDKROOT = iphoneos;
				VALIDATE_PRODUCT = YES;
			};
			name = Release;
		};
		B5A0DE1E21DCAD7900A60B8A /* Debug */ = {
			isa = XCBuildConfiguration;
			buildSettings = {
				ASSETCATALOG_COMPILER_APPICON_NAME = AppIcon;
				CODE_SIGN_STYLE = Automatic;
				DEVELOPMENT_TEAM = 9M9T88U56G;
				INFOPLIST_FILE = DemoCollection/Info.plist;
				LD_RUNPATH_SEARCH_PATHS = (
					"$(inherited)",
					"@executable_path/Frameworks",
				);
				PRODUCT_BUNDLE_IDENTIFIER = Neo.DemoCollection;
				PRODUCT_NAME = "$(TARGET_NAME)";
				TARGETED_DEVICE_FAMILY = "1,2";
			};
			name = Debug;
		};
		B5A0DE1F21DCAD7900A60B8A /* Release */ = {
			isa = XCBuildConfiguration;
			buildSettings = {
				ASSETCATALOG_COMPILER_APPICON_NAME = AppIcon;
				CODE_SIGN_STYLE = Automatic;
				DEVELOPMENT_TEAM = 9M9T88U56G;
				INFOPLIST_FILE = DemoCollection/Info.plist;
				LD_RUNPATH_SEARCH_PATHS = (
					"$(inherited)",
					"@executable_path/Frameworks",
				);
				PRODUCT_BUNDLE_IDENTIFIER = Neo.DemoCollection;
				PRODUCT_NAME = "$(TARGET_NAME)";
				TARGETED_DEVICE_FAMILY = "1,2";
			};
			name = Release;
		};
		B5A0DE2121DCAD7900A60B8A /* Debug */ = {
			isa = XCBuildConfiguration;
			buildSettings = {
				BUNDLE_LOADER = "$(TEST_HOST)";
				CODE_SIGN_STYLE = Automatic;
				DEVELOPMENT_TEAM = 9M9T88U56G;
				INFOPLIST_FILE = DemoCollectionTests/Info.plist;
				LD_RUNPATH_SEARCH_PATHS = (
					"$(inherited)",
					"@executable_path/Frameworks",
					"@loader_path/Frameworks",
				);
				PRODUCT_BUNDLE_IDENTIFIER = Neo.DemoCollectionTests;
				PRODUCT_NAME = "$(TARGET_NAME)";
				TARGETED_DEVICE_FAMILY = "1,2";
				TEST_HOST = "$(BUILT_PRODUCTS_DIR)/DemoCollection.app/DemoCollection";
			};
			name = Debug;
		};
		B5A0DE2221DCAD7900A60B8A /* Release */ = {
			isa = XCBuildConfiguration;
			buildSettings = {
				BUNDLE_LOADER = "$(TEST_HOST)";
				CODE_SIGN_STYLE = Automatic;
				DEVELOPMENT_TEAM = 9M9T88U56G;
				INFOPLIST_FILE = DemoCollectionTests/Info.plist;
				LD_RUNPATH_SEARCH_PATHS = (
					"$(inherited)",
					"@executable_path/Frameworks",
					"@loader_path/Frameworks",
				);
				PRODUCT_BUNDLE_IDENTIFIER = Neo.DemoCollectionTests;
				PRODUCT_NAME = "$(TARGET_NAME)";
				TARGETED_DEVICE_FAMILY = "1,2";
				TEST_HOST = "$(BUILT_PRODUCTS_DIR)/DemoCollection.app/DemoCollection";
			};
			name = Release;
		};
		B5A0DE2421DCAD7900A60B8A /* Debug */ = {
			isa = XCBuildConfiguration;
			buildSettings = {
				CODE_SIGN_STYLE = Automatic;
				DEVELOPMENT_TEAM = 9M9T88U56G;
				INFOPLIST_FILE = DemoCollectionUITests/Info.plist;
				LD_RUNPATH_SEARCH_PATHS = (
					"$(inherited)",
					"@executable_path/Frameworks",
					"@loader_path/Frameworks",
				);
				PRODUCT_BUNDLE_IDENTIFIER = Neo.DemoCollectionUITests;
				PRODUCT_NAME = "$(TARGET_NAME)";
				TARGETED_DEVICE_FAMILY = "1,2";
				TEST_TARGET_NAME = DemoCollection;
			};
			name = Debug;
		};
		B5A0DE2521DCAD7900A60B8A /* Release */ = {
			isa = XCBuildConfiguration;
			buildSettings = {
				CODE_SIGN_STYLE = Automatic;
				DEVELOPMENT_TEAM = 9M9T88U56G;
				INFOPLIST_FILE = DemoCollectionUITests/Info.plist;
				LD_RUNPATH_SEARCH_PATHS = (
					"$(inherited)",
					"@executable_path/Frameworks",
					"@loader_path/Frameworks",
				);
				PRODUCT_BUNDLE_IDENTIFIER = Neo.DemoCollectionUITests;
				PRODUCT_NAME = "$(TARGET_NAME)";
				TARGETED_DEVICE_FAMILY = "1,2";
				TEST_TARGET_NAME = DemoCollection;
			};
			name = Release;
		};
/* End XCBuildConfiguration section */

/* Begin XCConfigurationList section */
		B5A0DDEC21DCAD7700A60B8A /* Build configuration list for PBXProject "DemoCollection" */ = {
			isa = XCConfigurationList;
			buildConfigurations = (
				B5A0DE1B21DCAD7900A60B8A /* Debug */,
				B5A0DE1C21DCAD7900A60B8A /* Release */,
			);
			defaultConfigurationIsVisible = 0;
			defaultConfigurationName = Release;
		};
		B5A0DE1D21DCAD7900A60B8A /* Build configuration list for PBXNativeTarget "DemoCollection" */ = {
			isa = XCConfigurationList;
			buildConfigurations = (
				B5A0DE1E21DCAD7900A60B8A /* Debug */,
				B5A0DE1F21DCAD7900A60B8A /* Release */,
			);
			defaultConfigurationIsVisible = 0;
			defaultConfigurationName = Release;
		};
		B5A0DE2021DCAD7900A60B8A /* Build configuration list for PBXNativeTarget "DemoCollectionTests" */ = {
			isa = XCConfigurationList;
			buildConfigurations = (
				B5A0DE2121DCAD7900A60B8A /* Debug */,
				B5A0DE2221DCAD7900A60B8A /* Release */,
			);
			defaultConfigurationIsVisible = 0;
			defaultConfigurationName = Release;
		};
		B5A0DE2321DCAD7900A60B8A /* Build configuration list for PBXNativeTarget "DemoCollectionUITests" */ = {
			isa = XCConfigurationList;
			buildConfigurations = (
				B5A0DE2421DCAD7900A60B8A /* Debug */,
				B5A0DE2521DCAD7900A60B8A /* Release */,
			);
			defaultConfigurationIsVisible = 0;
			defaultConfigurationName = Release;
		};
/* End XCConfigurationList section */
	};
	rootObject = B5A0DDE921DCAD7700A60B8A /* Project object */;
}
